
Microsoft Visual Studio Solution File, Format Version 12.00
# Visual Studio Version 17
VisualStudioVersion = 17.4.33122.133
MinimumVisualStudioVersion = 10.0.40219.1
Project("{FAE04EC0-301F-11D3-BF4B-00C04F79EFBC}") = "MySourceApp", "MySourceApp\MySourceApp.csproj", "{812271D9-F6AC-4660-B8C6-1C78DF4A4D30}"
EndProject
Project("{FAE04EC0-301F-11D3-BF4B-00C04F79EFBC}") = "MyTestProject", "MyTestProject\MyTestProject.csproj", "{47687203-BC9A-4502-885C-51FF3C974A0F}"
EndProject
Global
	GlobalSection(SolutionConfigurationPlatforms) = preSolution
		Debug|Any CPU = Debug|Any CPU
		Release|Any CPU = Release|Any CPU
	EndGlobalSection
	GlobalSection(ProjectConfigurationPlatforms) = postSolution
		{812271D9-F6AC-4660-B8C6-1C78DF4A4D30}.Debug|Any CPU.ActiveCfg = Debug|Any CPU
		{812271D9-F6AC-4660-B8C6-1C78DF4A4D30}.Debug|Any CPU.Build.0 = Debug|Any CPU
		{812271D9-F6AC-4660-B8C6-1C78DF4A4D30}.Release|Any CPU.ActiveCfg = Release|Any CPU
		{812271D9-F6AC-4660-B8C6-1C78DF4A4D30}.Release|Any CPU.Build.0 = Release|Any CPU
		{47687203-BC9A-4502-885C-51FF3C974A0F}.Debug|Any CPU.ActiveCfg = Debug|Any CPU
		{47687203-BC9A-4502-885C-51FF3C974A0F}.Debug|Any CPU.Build.0 = Debug|Any CPU
		{47687203-BC9A-4502-885C-51FF3C974A0F}.Release|Any CPU.ActiveCfg = Release|Any CPU
		{47687203-BC9A-4502-885C-51FF3C974A0F}.Release|Any CPU.Build.0 = Release|Any CPU
	EndGlobalSection
	GlobalSection(SolutionProperties) = preSolution
		HideSolutionNode = FALSE
	EndGlobalSection
	GlobalSection(ExtensibilityGlobals) = postSolution
		SolutionGuid = {0A1DC727-DDB3-4ED0-901D-874B38A841F1}
	EndGlobalSection
EndGlobal
